# This file is automatically @generated by Cargo.
# It is not intended for manual editing.
version = 4

[[package]]
name = "kontor"
version = "0.0.0"
dependencies = [
 "kontor-api",
]

[[package]]
name = "kontor-api"
version = "0.0.0"
dependencies = [
 "kontor-metadata",
 "kontor-record",
 "kontor-reporting",
 "kontor-workflow",
]

[[package]]
name = "kontor-metadata"
version = "0.0.0"
dependencies = [
 "kontor-store",
]

[[package]]
name = "kontor-record"
version = "0.0.0"
dependencies = [
 "kontor-metadata",
 "kontor-store",
]

[[package]]
name = "kontor-reporting"
version = "0.0.0"
dependencies = [
 "kontor-record",
]

[[package]]
name = "kontor-store"
version = "0.0.0"

[[package]]
name = "kontor-workflow"
version = "0.0.0"
dependencies = [
 "kontor-record",
]
